
Microsoft Visual Studio Solution File, Format Version 12.00
# Visual Studio Version 17
VisualStudioVersion = 17.1.32203.90
MinimumVisualStudioVersion = 10.0.40219.1
Project("{9A19103F-16F7-4668-BE54-9A1E7A4F7556}") = "UAP.Shared", "UAP.Shared\UAP.Shared.csproj", "{C9750FC0-2179-4393-A384-712C26CE7E75}"
EndProject
Project("{9A19103F-16F7-4668-BE54-9A1E7A4F7556}") = "UAP.EntityFrameworkCore", "UAP.EntityFrameworkCore\UAP.EntityFrameworkCore.csproj", "{F1C959EE-7EBB-451C-B57E-E74682303D52}"
EndProject
Project("{9A19103F-16F7-4668-BE54-9A1E7A4F7556}") = "UAP.Permissions", "UAP.Permissions\UAP.Permissions.csproj", "{F3A2DCDB-4FCF-47D1-A239-EFA21390F5D5}"
EndProject
Project("{9A19103F-16F7-4668-BE54-9A1E7A4F7556}") = "UAP.Domain", "UAP.Domain\UAP.Domain.csproj", "{414F480F-E2C7-4E00-9A6E-9E6BB1CFD232}"
EndProject
Project("{9A19103F-16F7-4668-BE54-9A1E7A4F7556}") = "UAP.MvcExtensions", "UAP.MvcExtensions\UAP.MvcExtensions.csproj", "{A51C54B7-E2A9-4D80-8AE6-C83282E11CAA}"
EndProject
Global
	GlobalSection(SolutionConfigurationPlatforms) = preSolution
		Debug|Any CPU = Debug|Any CPU
		Release|Any CPU = Release|Any CPU
	EndGlobalSection
	GlobalSection(ProjectConfigurationPlatforms) = postSolution
		{C9750FC0-2179-4393-A384-712C26CE7E75}.Debug|Any CPU.ActiveCfg = Debug|Any CPU
		{C9750FC0-2179-4393-A384-712C26CE7E75}.Debug|Any CPU.Build.0 = Debug|Any CPU
		{C9750FC0-2179-4393-A384-712C26CE7E75}.Release|Any CPU.ActiveCfg = Release|Any CPU
		{C9750FC0-2179-4393-A384-712C26CE7E75}.Release|Any CPU.Build.0 = Release|Any CPU
		{F1C959EE-7EBB-451C-B57E-E74682303D52}.Debug|Any CPU.ActiveCfg = Debug|Any CPU
		{F1C959EE-7EBB-451C-B57E-E74682303D52}.Debug|Any CPU.Build.0 = Debug|Any CPU
		{F1C959EE-7EBB-451C-B57E-E74682303D52}.Release|Any CPU.ActiveCfg = Release|Any CPU
		{F1C959EE-7EBB-451C-B57E-E74682303D52}.Release|Any CPU.Build.0 = Release|Any CPU
		{F3A2DCDB-4FCF-47D1-A239-EFA21390F5D5}.Debug|Any CPU.ActiveCfg = Debug|Any CPU
		{F3A2DCDB-4FCF-47D1-A239-EFA21390F5D5}.Debug|Any CPU.Build.0 = Debug|Any CPU
		{F3A2DCDB-4FCF-47D1-A239-EFA21390F5D5}.Release|Any CPU.ActiveCfg = Release|Any CPU
		{F3A2DCDB-4FCF-47D1-A239-EFA21390F5D5}.Release|Any CPU.Build.0 = Release|Any CPU
		{414F480F-E2C7-4E00-9A6E-9E6BB1CFD232}.Debug|Any CPU.ActiveCfg = Debug|Any CPU
		{414F480F-E2C7-4E00-9A6E-9E6BB1CFD232}.Debug|Any CPU.Build.0 = Debug|Any CPU
		{414F480F-E2C7-4E00-9A6E-9E6BB1CFD232}.Release|Any CPU.ActiveCfg = Release|Any CPU
		{414F480F-E2C7-4E00-9A6E-9E6BB1CFD232}.Release|Any CPU.Build.0 = Release|Any CPU
		{A51C54B7-E2A9-4D80-8AE6-C83282E11CAA}.Debug|Any CPU.ActiveCfg = Debug|Any CPU
		{A51C54B7-E2A9-4D80-8AE6-C83282E11CAA}.Debug|Any CPU.Build.0 = Debug|Any CPU
		{A51C54B7-E2A9-4D80-8AE6-C83282E11CAA}.Release|Any CPU.ActiveCfg = Release|Any CPU
		{A51C54B7-E2A9-4D80-8AE6-C83282E11CAA}.Release|Any CPU.Build.0 = Release|Any CPU
	EndGlobalSection
	GlobalSection(SolutionProperties) = preSolution
		HideSolutionNode = FALSE
	EndGlobalSection
	GlobalSection(ExtensibilityGlobals) = postSolution
		SolutionGuid = {88E7B920-BBA8-422C-8EE7-BADF04CAD061}
	EndGlobalSection
EndGlobal
